
Microsoft Visual Studio Solution File, Format Version 12.00
# Visual Studio Version 16
VisualStudioVersion = 16.0.31829.152
MinimumVisualStudioVersion = 10.0.40219.1
Project("{9A19103F-16F7-4668-BE54-9A1E7A4F7556}") = "Day02", "Day02\Day02.csproj", "{7DC399FC-4C92-4AF2-BECE-28D600C38897}"
EndProject
Project("{9A19103F-16F7-4668-BE54-9A1E7A4F7556}") = "Day03", "Day03\Day03.csproj", "{84285136-3F8E-4752-A7A7-9E72CABA93B1}"
EndProject
Project("{9A19103F-16F7-4668-BE54-9A1E7A4F7556}") = "Tests", "Tests\Tests.csproj", "{75E0E719-FA51-4305-B842-13B426BDB0CC}"
EndProject
Project("{9A19103F-16F7-4668-BE54-9A1E7A4F7556}") = "Day04", "Day04\Day04.csproj", "{D7B47B7D-CF3D-4C4D-8943-D3069EEEF6E8}"
EndProject
Project("{FAE04EC0-301F-11D3-BF4B-00C04F79EFBC}") = "Day05", "Day05\Day05.csproj", "{C0216ADE-C688-4B98-8F03-B574890A7A82}"
EndProject
Global
	GlobalSection(SolutionConfigurationPlatforms) = preSolution
		Debug|Any CPU = Debug|Any CPU
		Release|Any CPU = Release|Any CPU
	EndGlobalSection
	GlobalSection(ProjectConfigurationPlatforms) = postSolution
		{7DC399FC-4C92-4AF2-BECE-28D600C38897}.Debug|Any CPU.ActiveCfg = Debug|Any CPU
		{7DC399FC-4C92-4AF2-BECE-28D600C38897}.Debug|Any CPU.Build.0 = Debug|Any CPU
		{7DC399FC-4C92-4AF2-BECE-28D600C38897}.Release|Any CPU.ActiveCfg = Release|Any CPU
		{7DC399FC-4C92-4AF2-BECE-28D600C38897}.Release|Any CPU.Build.0 = Release|Any CPU
		{84285136-3F8E-4752-A7A7-9E72CABA93B1}.Debug|Any CPU.ActiveCfg = Debug|Any CPU
		{84285136-3F8E-4752-A7A7-9E72CABA93B1}.Debug|Any CPU.Build.0 = Debug|Any CPU
		{84285136-3F8E-4752-A7A7-9E72CABA93B1}.Release|Any CPU.ActiveCfg = Release|Any CPU
		{84285136-3F8E-4752-A7A7-9E72CABA93B1}.Release|Any CPU.Build.0 = Release|Any CPU
		{75E0E719-FA51-4305-B842-13B426BDB0CC}.Debug|Any CPU.ActiveCfg = Debug|Any CPU
		{75E0E719-FA51-4305-B842-13B426BDB0CC}.Debug|Any CPU.Build.0 = Debug|Any CPU
		{75E0E719-FA51-4305-B842-13B426BDB0CC}.Release|Any CPU.ActiveCfg = Release|Any CPU
		{75E0E719-FA51-4305-B842-13B426BDB0CC}.Release|Any CPU.Build.0 = Release|Any CPU
		{D7B47B7D-CF3D-4C4D-8943-D3069EEEF6E8}.Debug|Any CPU.ActiveCfg = Debug|Any CPU
		{D7B47B7D-CF3D-4C4D-8943-D3069EEEF6E8}.Debug|Any CPU.Build.0 = Debug|Any CPU
		{D7B47B7D-CF3D-4C4D-8943-D3069EEEF6E8}.Release|Any CPU.ActiveCfg = Release|Any CPU
		{D7B47B7D-CF3D-4C4D-8943-D3069EEEF6E8}.Release|Any CPU.Build.0 = Release|Any CPU
		{C0216ADE-C688-4B98-8F03-B574890A7A82}.Debug|Any CPU.ActiveCfg = Debug|Any CPU
		{C0216ADE-C688-4B98-8F03-B574890A7A82}.Debug|Any CPU.Build.0 = Debug|Any CPU
		{C0216ADE-C688-4B98-8F03-B574890A7A82}.Release|Any CPU.ActiveCfg = Release|Any CPU
		{C0216ADE-C688-4B98-8F03-B574890A7A82}.Release|Any CPU.Build.0 = Release|Any CPU
	EndGlobalSection
	GlobalSection(SolutionProperties) = preSolution
		HideSolutionNode = FALSE
	EndGlobalSection
	GlobalSection(ExtensibilityGlobals) = postSolution
		SolutionGuid = {D252DDD8-5CA3-44B8-8E1C-A005B8E101FC}
	EndGlobalSection
EndGlobal
